
Microsoft Visual Studio Solution File, Format Version 12.00
# Visual Studio Version 16
VisualStudioVersion = 16.0.32802.440
MinimumVisualStudioVersion = 10.0.40219.1
Project("{8BC9CEB8-8B4A-11D0-8D11-00A0C91BC942}") = "SecondDay", "SecondDay.vcxproj", "{B485C7B6-67BF-4DD1-99AC-CE5AACCD00EF}"
EndProject
Global
	GlobalSection(SolutionConfigurationPlatforms) = preSolution
		Debug|x64 = Debug|x64
		Debug|x86 = Debug|x86
		Release|x64 = Release|x64
		Release|x86 = Release|x86
	EndGlobalSection
	GlobalSection(ProjectConfigurationPlatforms) = postSolution
		{B485C7B6-67BF-4DD1-99AC-CE5AACCD00EF}.Debug|x64.ActiveCfg = Debug|x64
		{B485C7B6-67BF-4DD1-99AC-CE5AACCD00EF}.Debug|x64.Build.0 = Debug|x64
		{B485C7B6-67BF-4DD1-99AC-CE5AACCD00EF}.Debug|x86.ActiveCfg = Debug|Win32
		{B485C7B6-67BF-4DD1-99AC-CE5AACCD00EF}.Debug|x86.Build.0 = Debug|Win32
		{B485C7B6-67BF-4DD1-99AC-CE5AACCD00EF}.Release|x64.ActiveCfg = Release|x64
		{B485C7B6-67BF-4DD1-99AC-CE5AACCD00EF}.Release|x64.Build.0 = Release|x64
		{B485C7B6-67BF-4DD1-99AC-CE5AACCD00EF}.Release|x86.ActiveCfg = Release|Win32
		{B485C7B6-67BF-4DD1-99AC-CE5AACCD00EF}.Release|x86.Build.0 = Release|Win32
	EndGlobalSection
	GlobalSection(SolutionProperties) = preSolution
		HideSolutionNode = FALSE
	EndGlobalSection
	GlobalSection(ExtensibilityGlobals) = postSolution
		SolutionGuid = {F99AD4E6-3F7E-4DC3-A721-D36C99C80AF2}
	EndGlobalSection
EndGlobal
